
Microsoft Visual Studio Solution File, Format Version 12.00
# Visual Studio 15
VisualStudioVersion = 15.0.28307.421
MinimumVisualStudioVersion = 10.0.40219.1
Project("{FAE04EC0-301F-11D3-BF4B-00C04F79EFBC}") = "SignalStrength.Android", "SignalStrength\SignalStrength.Android\SignalStrength.Android.csproj", "{56B8BCCB-34E4-4ED1-BC30-8FE28D1D57CD}"
EndProject
Project("{FAE04EC0-301F-11D3-BF4B-00C04F79EFBC}") = "SignalStrength.iOS", "SignalStrength\SignalStrength.iOS\SignalStrength.iOS.csproj", "{9DA40112-6101-4301-8CB5-E99C8A9C5DCB}"
EndProject
Project("{FAE04EC0-301F-11D3-BF4B-00C04F79EFBC}") = "SignalStrength", "SignalStrength\SignalStrength\SignalStrength.csproj", "{3E4BEBD0-0D8E-477A-A1C0-24B0CA9B9F78}"
EndProject
Global
	GlobalSection(SolutionConfigurationPlatforms) = preSolution
		Ad-Hoc|Any CPU = Ad-Hoc|Any CPU
		Ad-Hoc|iPhone = Ad-Hoc|iPhone
		Ad-Hoc|iPhoneSimulator = Ad-Hoc|iPhoneSimulator
		AppStore|Any CPU = AppStore|Any CPU
		AppStore|iPhone = AppStore|iPhone
		AppStore|iPhoneSimulator = AppStore|iPhoneSimulator
		Debug|Any CPU = Debug|Any CPU
		Debug|iPhone = Debug|iPhone
		Debug|iPhoneSimulator = Debug|iPhoneSimulator
		Release|Any CPU = Release|Any CPU
		Release|iPhone = Release|iPhone
		Release|iPhoneSimulator = Release|iPhoneSimulator
	EndGlobalSection
	GlobalSection(ProjectConfigurationPlatforms) = postSolution
		{56B8BCCB-34E4-4ED1-BC30-8FE28D1D57CD}.Ad-Hoc|Any CPU.ActiveCfg = Release|Any CPU
		{56B8BCCB-34E4-4ED1-BC30-8FE28D1D57CD}.Ad-Hoc|Any CPU.Build.0 = Release|Any CPU
		{56B8BCCB-34E4-4ED1-BC30-8FE28D1D57CD}.Ad-Hoc|Any CPU.Deploy.0 = Release|Any CPU
		{56B8BCCB-34E4-4ED1-BC30-8FE28D1D57CD}.Ad-Hoc|iPhone.ActiveCfg = Release|Any CPU
		{56B8BCCB-34E4-4ED1-BC30-8FE28D1D57CD}.Ad-Hoc|iPhone.Build.0 = Release|Any CPU
		{56B8BCCB-34E4-4ED1-BC30-8FE28D1D57CD}.Ad-Hoc|iPhone.Deploy.0 = Release|Any CPU
		{56B8BCCB-34E4-4ED1-BC30-8FE28D1D57CD}.Ad-Hoc|iPhoneSimulator.ActiveCfg = Release|Any CPU
		{56B8BCCB-34E4-4ED1-BC30-8FE28D1D57CD}.Ad-Hoc|iPhoneSimulator.Build.0 = Release|Any CPU
		{56B8BCCB-34E4-4ED1-BC30-8FE28D1D57CD}.Ad-Hoc|iPhoneSimulator.Deploy.0 = Release|Any CPU
		{56B8BCCB-34E4-4ED1-BC30-8FE28D1D57CD}.AppStore|Any CPU.ActiveCfg = Release|Any CPU
		{56B8BCCB-34E4-4ED1-BC30-8FE28D1D57CD}.AppStore|Any CPU.Build.0 = Release|Any CPU
		{56B8BCCB-34E4-4ED1-BC30-8FE28D1D57CD}.AppStore|Any CPU.Deploy.0 = Release|Any CPU
		{56B8BCCB-34E4-4ED1-BC30-8FE28D1D57CD}.AppStore|iPhone.ActiveCfg = Release|Any CPU
		{56B8BCCB-34E4-4ED1-BC30-8FE28D1D57CD}.AppStore|iPhone.Build.0 = Release|Any CPU
		{56B8BCCB-34E4-4ED1-BC30-8FE28D1D57CD}.AppStore|iPhone.Deploy.0 = Release|Any CPU
		{56B8BCCB-34E4-4ED1-BC30-8FE28D1D57CD}.AppStore|iPhoneSimulator.ActiveCfg = Release|Any CPU
		{56B8BCCB-34E4-4ED1-BC30-8FE28D1D57CD}.AppStore|iPhoneSimulator.Build.0 = Release|Any CPU
		{56B8BCCB-34E4-4ED1-BC30-8FE28D1D57CD}.AppStore|iPhoneSimulator.Deploy.0 = Release|Any CPU
		{56B8BCCB-34E4-4ED1-BC30-8FE28D1D57CD}.Debug|Any CPU.ActiveCfg = Debug|Any CPU
		{56B8BCCB-34E4-4ED1-BC30-8FE28D1D57CD}.Debug|Any CPU.Build.0 = Debug|Any CPU
		{56B8BCCB-34E4-4ED1-BC30-8FE28D1D57CD}.Debug|Any CPU.Deploy.0 = Debug|Any CPU
		{56B8BCCB-34E4-4ED1-BC30-8FE28D1D57CD}.Debug|iPhone.ActiveCfg = Debug|Any CPU
		{56B8BCCB-34E4-4ED1-BC30-8FE28D1D57CD}.Debug|iPhone.Build.0 = Debug|Any CPU
		{56B8BCCB-34E4-4ED1-BC30-8FE28D1D57CD}.Debug|iPhone.Deploy.0 = Debug|Any CPU
		{56B8BCCB-34E4-4ED1-BC30-8FE28D1D57CD}.Debug|iPhoneSimulator.ActiveCfg = Debug|Any CPU
		{56B8BCCB-34E4-4ED1-BC30-8FE28D1D57CD}.Debug|iPhoneSimulator.Build.0 = Debug|Any CPU
		{56B8BCCB-34E4-4ED1-BC30-8FE28D1D57CD}.Debug|iPhoneSimulator.Deploy.0 = Debug|Any CPU
		{56B8BCCB-34E4-4ED1-BC30-8FE28D1D57CD}.Release|Any CPU.ActiveCfg = Release|Any CPU
		{56B8BCCB-34E4-4ED1-BC30-8FE28D1D57CD}.Release|Any CPU.Build.0 = Release|Any CPU
		{56B8BCCB-34E4-4ED1-BC30-8FE28D1D57CD}.Release|Any CPU.Deploy.0 = Release|Any CPU
		{56B8BCCB-34E4-4ED1-BC30-8FE28D1D57CD}.Release|iPhone.ActiveCfg = Release|Any CPU
		{56B8BCCB-34E4-4ED1-BC30-8FE28D1D57CD}.Release|iPhone.Build.0 = Release|Any CPU
		{56B8BCCB-34E4-4ED1-BC30-8FE28D1D57CD}.Release|iPhone.Deploy.0 = Release|Any CPU
		{56B8BCCB-34E4-4ED1-BC30-8FE28D1D57CD}.Release|iPhoneSimulator.ActiveCfg = Release|Any CPU
		{56B8BCCB-34E4-4ED1-BC30-8FE28D1D57CD}.Release|iPhoneSimulator.Build.0 = Release|Any CPU
		{56B8BCCB-34E4-4ED1-BC30-8FE28D1D57CD}.Release|iPhoneSimulator.Deploy.0 = Release|Any CPU
		{9DA40112-6101-4301-8CB5-E99C8A9C5DCB}.Ad-Hoc|Any CPU.ActiveCfg = Ad-Hoc|iPhone
		{9DA40112-6101-4301-8CB5-E99C8A9C5DCB}.Ad-Hoc|Any CPU.Build.0 = Ad-Hoc|iPhone
		{9DA40112-6101-4301-8CB5-E99C8A9C5DCB}.Ad-Hoc|Any CPU.Deploy.0 = Ad-Hoc|iPhone
		{9DA40112-6101-4301-8CB5-E99C8A9C5DCB}.Ad-Hoc|iPhone.ActiveCfg = Ad-Hoc|iPhone
		{9DA40112-6101-4301-8CB5-E99C8A9C5DCB}.Ad-Hoc|iPhone.Build.0 = Ad-Hoc|iPhone
		{9DA40112-6101-4301-8CB5-E99C8A9C5DCB}.Ad-Hoc|iPhone.Deploy.0 = Ad-Hoc|iPhone
		{9DA40112-6101-4301-8CB5-E99C8A9C5DCB}.Ad-Hoc|iPhoneSimulator.ActiveCfg = Ad-Hoc|iPhoneSimulator
		{9DA40112-6101-4301-8CB5-E99C8A9C5DCB}.Ad-Hoc|iPhoneSimulator.Build.0 = Ad-Hoc|iPhoneSimulator
		{9DA40112-6101-4301-8CB5-E99C8A9C5DCB}.Ad-Hoc|iPhoneSimulator.Deploy.0 = Ad-Hoc|iPhoneSimulator
		{9DA40112-6101-4301-8CB5-E99C8A9C5DCB}.AppStore|Any CPU.ActiveCfg = AppStore|iPhone
		{9DA40112-6101-4301-8CB5-E99C8A9C5DCB}.AppStore|Any CPU.Build.0 = AppStore|iPhone
		{9DA40112-6101-4301-8CB5-E99C8A9C5DCB}.AppStore|Any CPU.Deploy.0 = AppStore|iPhone
		{9DA40112-6101-4301-8CB5-E99C8A9C5DCB}.AppStore|iPhone.ActiveCfg = AppStore|iPhone
		{9DA40112-6101-4301-8CB5-E99C8A9C5DCB}.AppStore|iPhone.Build.0 = AppStore|iPhone
		{9DA40112-6101-4301-8CB5-E99C8A9C5DCB}.AppStore|iPhone.Deploy.0 = AppStore|iPhone
		{9DA40112-6101-4301-8CB5-E99C8A9C5DCB}.AppStore|iPhoneSimulator.ActiveCfg = AppStore|iPhoneSimulator
		{9DA40112-6101-4301-8CB5-E99C8A9C5DCB}.AppStore|iPhoneSimulator.Build.0 = AppStore|iPhoneSimulator
		{9DA40112-6101-4301-8CB5-E99C8A9C5DCB}.AppStore|iPhoneSimulator.Deploy.0 = AppStore|iPhoneSimulator
		{9DA40112-6101-4301-8CB5-E99C8A9C5DCB}.Debug|Any CPU.ActiveCfg = Debug|iPhoneSimulator
		{9DA40112-6101-4301-8CB5-E99C8A9C5DCB}.Debug|Any CPU.Build.0 = Debug|iPhoneSimulator
		{9DA40112-6101-4301-8CB5-E99C8A9C5DCB}.Debug|Any CPU.Deploy.0 = Debug|iPhoneSimulator
		{9DA40112-6101-4301-8CB5-E99C8A9C5DCB}.Debug|iPhone.ActiveCfg = Debug|iPhone
		{9DA40112-6101-4301-8CB5-E99C8A9C5DCB}.Debug|iPhone.Build.0 = Debug|iPhone
		{9DA40112-6101-4301-8CB5-E99C8A9C5DCB}.Debug|iPhone.Deploy.0 = Debug|iPhone
		{9DA40112-6101-4301-8CB5-E99C8A9C5DCB}.Debug|iPhoneSimulator.ActiveCfg = Debug|iPhoneSimulator
		{9DA40112-6101-4301-8CB5-E99C8A9C5DCB}.Debug|iPhoneSimulator.Build.0 = Debug|iPhoneSimulator
		{9DA40112-6101-4301-8CB5-E99C8A9C5DCB}.Debug|iPhoneSimulator.Deploy.0 = Debug|iPhoneSimulator
		{9DA40112-6101-4301-8CB5-E99C8A9C5DCB}.Release|Any CPU.ActiveCfg = Release|iPhone
		{9DA40112-6101-4301-8CB5-E99C8A9C5DCB}.Release|Any CPU.Build.0 = Release|iPhone
		{9DA40112-6101-4301-8CB5-E99C8A9C5DCB}.Release|Any CPU.Deploy.0 = Release|iPhone
		{9DA40112-6101-4301-8CB5-E99C8A9C5DCB}.Release|iPhone.ActiveCfg = Release|iPhone
		{9DA40112-6101-4301-8CB5-E99C8A9C5DCB}.Release|iPhone.Build.0 = Release|iPhone
		{9DA40112-6101-4301-8CB5-E99C8A9C5DCB}.Release|iPhone.Deploy.0 = Release|iPhone
		{9DA40112-6101-4301-8CB5-E99C8A9C5DCB}.Release|iPhoneSimulator.ActiveCfg = Release|iPhoneSimulator
		{9DA40112-6101-4301-8CB5-E99C8A9C5DCB}.Release|iPhoneSimulator.Build.0 = Release|iPhoneSimulator
		{9DA40112-6101-4301-8CB5-E99C8A9C5DCB}.Release|iPhoneSimulator.Deploy.0 = Release|iPhoneSimulator
		{3E4BEBD0-0D8E-477A-A1C0-24B0CA9B9F78}.Ad-Hoc|Any CPU.ActiveCfg = Debug|Any CPU
		{3E4BEBD0-0D8E-477A-A1C0-24B0CA9B9F78}.Ad-Hoc|Any CPU.Build.0 = Debug|Any CPU
		{3E4BEBD0-0D8E-477A-A1C0-24B0CA9B9F78}.Ad-Hoc|Any CPU.Deploy.0 = Debug|Any CPU
		{3E4BEBD0-0D8E-477A-A1C0-24B0CA9B9F78}.Ad-Hoc|iPhone.ActiveCfg = Debug|Any CPU
		{3E4BEBD0-0D8E-477A-A1C0-24B0CA9B9F78}.Ad-Hoc|iPhone.Build.0 = Debug|Any CPU
		{3E4BEBD0-0D8E-477A-A1C0-24B0CA9B9F78}.Ad-Hoc|iPhone.Deploy.0 = Debug|Any CPU
		{3E4BEBD0-0D8E-477A-A1C0-24B0CA9B9F78}.Ad-Hoc|iPhoneSimulator.ActiveCfg = Debug|Any CPU
		{3E4BEBD0-0D8E-477A-A1C0-24B0CA9B9F78}.Ad-Hoc|iPhoneSimulator.Build.0 = Debug|Any CPU
		{3E4BEBD0-0D8E-477A-A1C0-24B0CA9B9F78}.Ad-Hoc|iPhoneSimulator.Deploy.0 = Debug|Any CPU
		{3E4BEBD0-0D8E-477A-A1C0-24B0CA9B9F78}.AppStore|Any CPU.ActiveCfg = Debug|Any CPU
		{3E4BEBD0-0D8E-477A-A1C0-24B0CA9B9F78}.AppStore|Any CPU.Build.0 = Debug|Any CPU
		{3E4BEBD0-0D8E-477A-A1C0-24B0CA9B9F78}.AppStore|Any CPU.Deploy.0 = Debug|Any CPU
		{3E4BEBD0-0D8E-477A-A1C0-24B0CA9B9F78}.AppStore|iPhone.ActiveCfg = Debug|Any CPU
		{3E4BEBD0-0D8E-477A-A1C0-24B0CA9B9F78}.AppStore|iPhone.Build.0 = Debug|Any CPU
		{3E4BEBD0-0D8E-477A-A1C0-24B0CA9B9F78}.AppStore|iPhone.Deploy.0 = Debug|Any CPU
		{3E4BEBD0-0D8E-477A-A1C0-24B0CA9B9F78}.AppStore|iPhoneSimulator.ActiveCfg = Debug|Any CPU
		{3E4BEBD0-0D8E-477A-A1C0-24B0CA9B9F78}.AppStore|iPhoneSimulator.Build.0 = Debug|Any CPU
		{3E4BEBD0-0D8E-477A-A1C0-24B0CA9B9F78}.AppStore|iPhoneSimulator.Deploy.0 = Debug|Any CPU
		{3E4BEBD0-0D8E-477A-A1C0-24B0CA9B9F78}.Debug|Any CPU.ActiveCfg = Debug|Any CPU
		{3E4BEBD0-0D8E-477A-A1C0-24B0CA9B9F78}.Debug|Any CPU.Build.0 = Debug|Any CPU
		{3E4BEBD0-0D8E-477A-A1C0-24B0CA9B9F78}.Debug|Any CPU.Deploy.0 = Debug|Any CPU
		{3E4BEBD0-0D8E-477A-A1C0-24B0CA9B9F78}.Debug|iPhone.ActiveCfg = Debug|Any CPU
		{3E4BEBD0-0D8E-477A-A1C0-24B0CA9B9F78}.Debug|iPhone.Build.0 = Debug|Any CPU
		{3E4BEBD0-0D8E-477A-A1C0-24B0CA9B9F78}.Debug|iPhone.Deploy.0 = Debug|Any CPU
		{3E4BEBD0-0D8E-477A-A1C0-24B0CA9B9F78}.Debug|iPhoneSimulator.ActiveCfg = Debug|Any CPU
		{3E4BEBD0-0D8E-477A-A1C0-24B0CA9B9F78}.Debug|iPhoneSimulator.Build.0 = Debug|Any CPU
		{3E4BEBD0-0D8E-477A-A1C0-24B0CA9B9F78}.Debug|iPhoneSimulator.Deploy.0 = Debug|Any CPU
		{3E4BEBD0-0D8E-477A-A1C0-24B0CA9B9F78}.Release|Any CPU.ActiveCfg = Release|Any CPU
		{3E4BEBD0-0D8E-477A-A1C0-24B0CA9B9F78}.Release|Any CPU.Build.0 = Release|Any CPU
		{3E4BEBD0-0D8E-477A-A1C0-24B0CA9B9F78}.Release|Any CPU.Deploy.0 = Release|Any CPU
		{3E4BEBD0-0D8E-477A-A1C0-24B0CA9B9F78}.Release|iPhone.ActiveCfg = Release|Any CPU
		{3E4BEBD0-0D8E-477A-A1C0-24B0CA9B9F78}.Release|iPhone.Build.0 = Release|Any CPU
		{3E4BEBD0-0D8E-477A-A1C0-24B0CA9B9F78}.Release|iPhone.Deploy.0 = Release|Any CPU
		{3E4BEBD0-0D8E-477A-A1C0-24B0CA9B9F78}.Release|iPhoneSimulator.ActiveCfg = Release|Any CPU
		{3E4BEBD0-0D8E-477A-A1C0-24B0CA9B9F78}.Release|iPhoneSimulator.Build.0 = Release|Any CPU
		{3E4BEBD0-0D8E-477A-A1C0-24B0CA9B9F78}.Release|iPhoneSimulator.Deploy.0 = Release|Any CPU
	EndGlobalSection
	GlobalSection(SolutionProperties) = preSolution
		HideSolutionNode = FALSE
	EndGlobalSection
	GlobalSection(ExtensibilityGlobals) = postSolution
		SolutionGuid = {83440EF7-2B54-452E-A21E-887AB9E2FBF0}
	EndGlobalSection
EndGlobal
